
Microsoft Visual Studio Solution File, Format Version 12.00
# Visual Studio Version 17
VisualStudioVersion = 17.5.33627.172
MinimumVisualStudioVersion = 10.0.40219.1
Project("{FAE04EC0-301F-11D3-BF4B-00C04F79EFBC}") = "JWTAuthNet7", "JWTAuthNet7\JWTAuthNet7.csproj", "{92E4D630-B329-416A-8CE3-8C1CDF4F65BD}"
EndProject
Global
	GlobalSection(SolutionConfigurationPlatforms) = preSolution
		Debug|Any CPU = Debug|Any CPU
		Release|Any CPU = Release|Any CPU
	EndGlobalSection
	GlobalSection(ProjectConfigurationPlatforms) = postSolution
		{92E4D630-B329-416A-8CE3-8C1CDF4F65BD}.Debug|Any CPU.ActiveCfg = Debug|Any CPU
		{92E4D630-B329-416A-8CE3-8C1CDF4F65BD}.Debug|Any CPU.Build.0 = Debug|Any CPU
		{92E4D630-B329-416A-8CE3-8C1CDF4F65BD}.Release|Any CPU.ActiveCfg = Release|Any CPU
		{92E4D630-B329-416A-8CE3-8C1CDF4F65BD}.Release|Any CPU.Build.0 = Release|Any CPU
	EndGlobalSection
	GlobalSection(SolutionProperties) = preSolution
		HideSolutionNode = FALSE
	EndGlobalSection
	GlobalSection(ExtensibilityGlobals) = postSolution
		SolutionGuid = {135E1EF8-697F-4145-A012-AE7048895A2B}
	EndGlobalSection
EndGlobal
